{
  "pins" : [
    {
      "identity" : "keyvaluecoding",
      "kind" : "remoteSourceControl",
      "location" : "https://github.com/wildthink/KeyValueCoding.git",
      "state" : {
        "revision" : "69640864f3f3f6f8e0c8e6421e0ad53074c2c54f",
        "version" : "1.1.0"
      }
    },
    {
      "identity" : "swift-snapshot-testing",
      "kind" : "remoteSourceControl",
      "location" : "https://github.com/pointfreeco/swift-snapshot-testing",
      "state" : {
        "revision" : "cef5b3f6f11781dd4591bdd1dd0a3d22bd609334",
        "version" : "1.11.0"
      }
    }
  ],
  "version" : 2
}
